// !$*UTF8*$!
{
	archiveVersion = 1;
	classes = {
	};
	objectVersion = 46;
	objects = {

/* Begin PBXBuildFile section */
		155DE654702365DA81642DBD /* Pods_pokedex.framework in Frameworks */ = {isa = PBXBuildFile; fileRef = F42D06386BBCFFC38D7BC78A /* Pods_pokedex.framework */; };
		F93115881D594EC3002FF067 /* PokemonDetailVC.swift in Sources */ = {isa = PBXBuildFile; fileRef = F93115871D594EC3002FF067 /* PokemonDetailVC.swift */; };
		F9AB86FC1D5860F700C9D988 /* AppDelegate.swift in Sources */ = {isa = PBXBuildFile; fileRef = F9AB86FB1D5860F700C9D988 /* AppDelegate.swift */; };
		F9AB86FE1D5860F700C9D988 /* ViewController.swift in Sources */ = {isa = PBXBuildFile; fileRef = F9AB86FD1D5860F700C9D988 /* ViewController.swift */; };
		F9AB87011D5860F700C9D988 /* Main.storyboard in Resources */ = {isa = PBXBuildFile; fileRef = F9AB86FF1D5860F700C9D988 /* Main.storyboard */; };
		F9AB87031D5860F700C9D988 /* Assets.xcassets in Resources */ = {isa = PBXBuildFile; fileRef = F9AB87021D5860F700C9D988 /* Assets.xcassets */; };
		F9AB87061D5860F700C9D988 /* LaunchScreen.storyboard in Resources */ = {isa = PBXBuildFile; fileRef = F9AB87041D5860F700C9D988 /* LaunchScreen.storyboard */; };
		F9AB870E1D58758E00C9D988 /* pokemon.csv in Resources */ = {isa = PBXBuildFile; fileRef = F9AB870D1D58758E00C9D988 /* pokemon.csv */; };
		F9AB87111D5878D700C9D988 /* Pokemon.swift in Sources */ = {isa = PBXBuildFile; fileRef = F9AB87101D5878D700C9D988 /* Pokemon.swift */; };
		F9AB87131D587A4900C9D988 /* music.mp3 in Resources */ = {isa = PBXBuildFile; fileRef = F9AB87121D587A4900C9D988 /* music.mp3 */; };
		F9AB87161D587DDF00C9D988 /* PokeCell.swift in Sources */ = {isa = PBXBuildFile; fileRef = F9AB87151D587DDF00C9D988 /* PokeCell.swift */; };
		F9AB87181D5883FA00C9D988 /* csv.swift in Sources */ = {isa = PBXBuildFile; fileRef = F9AB87171D5883FA00C9D988 /* csv.swift */; };
		F9AB871E1D5888F400C9D988 /* pokemon1.ttf in Resources */ = {isa = PBXBuildFile; fileRef = F9AB871C1D5888F400C9D988 /* pokemon1.ttf */; };
		F9AB871F1D5888F400C9D988 /* pokemon2.ttf in Resources */ = {isa = PBXBuildFile; fileRef = F9AB871D1D5888F400C9D988 /* pokemon2.ttf */; };
		F9DBD9E61D59DF4700D5A1E2 /* Constants.swift in Sources */ = {isa = PBXBuildFile; fileRef = F9DBD9E51D59DF4700D5A1E2 /* Constants.swift */; };
/* End PBXBuildFile section */

/* Begin PBXFileReference section */
		7E58ABFE67665725514E5478 /* Pods-pokedex.release.xcconfig */ = {isa = PBXFileReference; includeInIndex = 1; lastKnownFileType = text.xcconfig; name = "Pods-pokedex.release.xcconfig"; path = "Pods/Target Support Files/Pods-pokedex/Pods-pokedex.release.xcconfig"; sourceTree = "<group>"; };
		901ADF8C2E579772B1667A16 /* Pods-pokedex.debug.xcconfig */ = {isa = PBXFileReference; includeInIndex = 1; lastKnownFileType = text.xcconfig; name = "Pods-pokedex.debug.xcconfig"; path = "Pods/Target Support Files/Pods-pokedex/Pods-pokedex.debug.xcconfig"; sourceTree = "<group>"; };
		F42D06386BBCFFC38D7BC78A /* Pods_pokedex.framework */ = {isa = PBXFileReference; explicitFileType = wrapper.framework; includeInIndex = 0; path = Pods_pokedex.framework; sourceTree = BUILT_PRODUCTS_DIR; };
		F93115871D594EC3002FF067 /* PokemonDetailVC.swift */ = {isa = PBXFileReference; fileEncoding = 4; lastKnownFileType = sourcecode.swift; path = PokemonDetailVC.swift; sourceTree = "<group>"; };
		F9AB86F81D5860F700C9D988 /* pokedex.app */ = {isa = PBXFileReference; explicitFileType = wrapper.application; includeInIndex = 0; path = pokedex.app; sourceTree = BUILT_PRODUCTS_DIR; };
		F9AB86FB1D5860F700C9D988 /* AppDelegate.swift */ = {isa = PBXFileReference; lastKnownFileType = sourcecode.swift; path = AppDelegate.swift; sourceTree = "<group>"; };
		F9AB86FD1D5860F700C9D988 /* ViewController.swift */ = {isa = PBXFileReference; lastKnownFileType = sourcecode.swift; path = ViewController.swift; sourceTree = "<group>"; };
		F9AB87001D5860F700C9D988 /* Base */ = {isa = PBXFileReference; lastKnownFileType = file.storyboard; name = Base; path = Base.lproj/Main.storyboard; sourceTree = "<group>"; };
		F9AB87021D5860F700C9D988 /* Assets.xcassets */ = {isa = PBXFileReference; lastKnownFileType = folder.assetcatalog; path = Assets.xcassets; sourceTree = "<group>"; };
		F9AB87051D5860F700C9D988 /* Base */ = {isa = PBXFileReference; lastKnownFileType = file.storyboard; name = Base; path = Base.lproj/LaunchScreen.storyboard; sourceTree = "<group>"; };
		F9AB87071D5860F700C9D988 /* Info.plist */ = {isa = PBXFileReference; lastKnownFileType = text.plist.xml; path = Info.plist; sourceTree = "<group>"; };
		F9AB870D1D58758E00C9D988 /* pokemon.csv */ = {isa = PBXFileReference; fileEncoding = 4; lastKnownFileType = text; path = pokemon.csv; sourceTree = "<group>"; };
		F9AB87101D5878D700C9D988 /* Pokemon.swift */ = {isa = PBXFileReference; fileEncoding = 4; lastKnownFileType = sourcecode.swift; path = Pokemon.swift; sourceTree = "<group>"; };
		F9AB87121D587A4900C9D988 /* music.mp3 */ = {isa = PBXFileReference; lastKnownFileType = audio.mp3; name = music.mp3; path = ../music.mp3; sourceTree = "<group>"; };
		F9AB87151D587DDF00C9D988 /* PokeCell.swift */ = {isa = PBXFileReference; fileEncoding = 4; lastKnownFileType = sourcecode.swift; path = PokeCell.swift; sourceTree = "<group>"; };
		F9AB87171D5883FA00C9D988 /* csv.swift */ = {isa = PBXFileReference; fileEncoding = 4; lastKnownFileType = sourcecode.swift; path = csv.swift; sourceTree = "<group>"; };
		F9AB871C1D5888F400C9D988 /* pokemon1.ttf */ = {isa = PBXFileReference; lastKnownFileType = file; path = pokemon1.ttf; sourceTree = "<group>"; };
		F9AB871D1D5888F400C9D988 /* pokemon2.ttf */ = {isa = PBXFileReference; lastKnownFileType = file; path = pokemon2.ttf; sourceTree = "<group>"; };
		F9DBD9E51D59DF4700D5A1E2 /* Constants.swift */ = {isa = PBXFileReference; fileEncoding = 4; lastKnownFileType = sourcecode.swift; path = Constants.swift; sourceTree = "<group>"; };
/* End PBXFileReference section */

/* Begin PBXFrameworksBuildPhase section */
		F9AB86F51D5860F700C9D988 /* Frameworks */ = {
			isa = PBXFrameworksBuildPhase;
			buildActionMask = 2147483647;
			files = (
				155DE654702365DA81642DBD /* Pods_pokedex.framework in Frameworks */,
			);
			runOnlyForDeploymentPostprocessing = 0;
		};
/* End PBXFrameworksBuildPhase section */

/* Begin PBXGroup section */
		B638A98C715B9E47FB844939 /* Pods */ = {
			isa = PBXGroup;
			children = (
				901ADF8C2E579772B1667A16 /* Pods-pokedex.debug.xcconfig */,
				7E58ABFE67665725514E5478 /* Pods-pokedex.release.xcconfig */,
			);
			name = Pods;
			sourceTree = "<group>";
		};
		BAD3BF07533D8729A7F07478 /* Frameworks */ = {
			isa = PBXGroup;
			children = (
				F42D06386BBCFFC38D7BC78A /* Pods_pokedex.framework */,
			);
			name = Frameworks;
			sourceTree = "<group>";
		};
		F9AB86EF1D5860F700C9D988 = {
			isa = PBXGroup;
			children = (
				F9AB86FA1D5860F700C9D988 /* pokedex */,
				F9AB86F91D5860F700C9D988 /* Products */,
				B638A98C715B9E47FB844939 /* Pods */,
				BAD3BF07533D8729A7F07478 /* Frameworks */,
			);
			sourceTree = "<group>";
		};
		F9AB86F91D5860F700C9D988 /* Products */ = {
			isa = PBXGroup;
			children = (
				F9AB86F81D5860F700C9D988 /* pokedex.app */,
			);
			name = Products;
			sourceTree = "<group>";
		};
		F9AB86FA1D5860F700C9D988 /* pokedex */ = {
			isa = PBXGroup;
			children = (
				F9AB870F1D5878C500C9D988 /* Model */,
				F9AB87141D587DBB00C9D988 /* View */,
				F9AB871A1D58843900C9D988 /* Controller */,
				F9AB87191D58842900C9D988 /* Utilities */,
				F9AB871B1D58844700C9D988 /* Resources */,
				F9AB86FB1D5860F700C9D988 /* AppDelegate.swift */,
				F9AB87021D5860F700C9D988 /* Assets.xcassets */,
				F9AB87041D5860F700C9D988 /* LaunchScreen.storyboard */,
				F9AB87071D5860F700C9D988 /* Info.plist */,
			);
			path = pokedex;
			sourceTree = "<group>";
		};
		F9AB870F1D5878C500C9D988 /* Model */ = {
			isa = PBXGroup;
			children = (
				F9AB87101D5878D700C9D988 /* Pokemon.swift */,
			);
			name = Model;
			sourceTree = "<group>";
		};
		F9AB87141D587DBB00C9D988 /* View */ = {
			isa = PBXGroup;
			children = (
				F9AB86FF1D5860F700C9D988 /* Main.storyboard */,
				F9AB87151D587DDF00C9D988 /* PokeCell.swift */,
			);
			name = View;
			sourceTree = "<group>";
		};
		F9AB87191D58842900C9D988 /* Utilities */ = {
			isa = PBXGroup;
			children = (
				F9AB87171D5883FA00C9D988 /* csv.swift */,
				F9DBD9E51D59DF4700D5A1E2 /* Constants.swift */,
			);
			name = Utilities;
			sourceTree = "<group>";
		};
		F9AB871A1D58843900C9D988 /* Controller */ = {
			isa = PBXGroup;
			children = (
				F9AB86FD1D5860F700C9D988 /* ViewController.swift */,
				F93115871D594EC3002FF067 /* PokemonDetailVC.swift */,
			);
			name = Controller;
			sourceTree = "<group>";
		};
		F9AB871B1D58844700C9D988 /* Resources */ = {
			isa = PBXGroup;
			children = (
				F9AB871C1D5888F400C9D988 /* pokemon1.ttf */,
				F9AB871D1D5888F400C9D988 /* pokemon2.ttf */,
				F9AB87121D587A4900C9D988 /* music.mp3 */,
				F9AB870D1D58758E00C9D988 /* pokemon.csv */,
			);
			name = Resources;
			sourceTree = "<group>";
		};
/* End PBXGroup section */

/* Begin PBXNativeTarget section */
		F9AB86F71D5860F700C9D988 /* pokedex */ = {
			isa = PBXNativeTarget;
			buildConfigurationList = F9AB870A1D5860F700C9D988 /* Build configuration list for PBXNativeTarget "pokedex" */;
			buildPhases = (
				61D2833C0E6F5F6A922C5225 /* [CP] Check Pods Manifest.lock */,
				F9AB86F41D5860F700C9D988 /* Sources */,
				F9AB86F51D5860F700C9D988 /* Frameworks */,
				F9AB86F61D5860F700C9D988 /* Resources */,
				DF9F0B858B70051AC6520C31 /* [CP] Embed Pods Frameworks */,
				CE892FCC76D474097D9851D3 /* [CP] Copy Pods Resources */,
			);
			buildRules = (
			);
			dependencies = (
			);
			name = pokedex;
			productName = pokedex;
			productReference = F9AB86F81D5860F700C9D988 /* pokedex.app */;
			productType = "com.apple.product-type.application";
		};
/* End PBXNativeTarget section */

/* Begin PBXProject section */
		F9AB86F01D5860F700C9D988 /* Project object */ = {
			isa = PBXProject;
			attributes = {
				LastSwiftUpdateCheck = 0730;
				LastUpgradeCheck = 0730;
				ORGANIZATIONNAME = markrassamni;
				TargetAttributes = {
					F9AB86F71D5860F700C9D988 = {
						CreatedOnToolsVersion = 7.3.1;
						DevelopmentTeam = VBN5K8MF76;
					};
				};
			};
			buildConfigurationList = F9AB86F31D5860F700C9D988 /* Build configuration list for PBXProject "pokedex" */;
			compatibilityVersion = "Xcode 3.2";
			developmentRegion = English;
			hasScannedForEncodings = 0;
			knownRegions = (
				en,
				Base,
			);
			mainGroup = F9AB86EF1D5860F700C9D988;
			productRefGroup = F9AB86F91D5860F700C9D988 /* Products */;
			projectDirPath = "";
			projectRoot = "";
			targets = (
				F9AB86F71D5860F700C9D988 /* pokedex */,
			);
		};
/* End PBXProject section */

/* Begin PBXResourcesBuildPhase section */
		F9AB86F61D5860F700C9D988 /* Resources */ = {
			isa = PBXResourcesBuildPhase;
			buildActionMask = 2147483647;
			files = (
				F9AB87131D587A4900C9D988 /* music.mp3 in Resources */,
				F9AB87061D5860F700C9D988 /* LaunchScreen.storyboard in Resources */,
				F9AB871F1D5888F400C9D988 /* pokemon2.ttf in Resources */,
				F9AB87031D5860F700C9D988 /* Assets.xcassets in Resources */,
				F9AB870E1D58758E00C9D988 /* pokemon.csv in Resources */,
				F9AB871E1D5888F400C9D988 /* pokemon1.ttf in Resources */,
				F9AB87011D5860F700C9D988 /* Main.storyboard in Resources */,
			);
			runOnlyForDeploymentPostprocessing = 0;
		};
/* End PBXResourcesBuildPhase section */

/* Begin PBXShellScriptBuildPhase section */
		61D2833C0E6F5F6A922C5225 /* [CP] Check Pods Manifest.lock */ = {
			isa = PBXShellScriptBuildPhase;
			buildActionMask = 2147483647;
			files = (
			);
			inputPaths = (
			);
			name = "[CP] Check Pods Manifest.lock";
			outputPaths = (
			);
			runOnlyForDeploymentPostprocessing = 0;
			shellPath = /bin/sh;
			shellScript = "diff \"${PODS_ROOT}/../Podfile.lock\" \"${PODS_ROOT}/Manifest.lock\" > /dev/null\nif [[ $? != 0 ]] ; then\n    cat << EOM\nerror: The sandbox is not in sync with the Podfile.lock. Run 'pod install' or update your CocoaPods installation.\nEOM\n    exit 1\nfi\n";
			showEnvVarsInLog = 0;
		};
		CE892FCC76D474097D9851D3 /* [CP] Copy Pods Resources */ = {
			isa = PBXShellScriptBuildPhase;
			buildActionMask = 2147483647;
			files = (
			);
			inputPaths = (
			);
			name = "[CP] Copy Pods Resources";
			outputPaths = (
			);
			runOnlyForDeploymentPostprocessing = 0;
			shellPath = /bin/sh;
			shellScript = "\"${SRCROOT}/Pods/Target Support Files/Pods-pokedex/Pods-pokedex-resources.sh\"\n";
			showEnvVarsInLog = 0;
		};
		DF9F0B858B70051AC6520C31 /* [CP] Embed Pods Frameworks */ = {
			isa = PBXShellScriptBuildPhase;
			buildActionMask = 2147483647;
			files = (
			);
			inputPaths = (
			);
			name = "[CP] Embed Pods Frameworks";
			outputPaths = (
			);
			runOnlyForDeploymentPostprocessing = 0;
			shellPath = /bin/sh;
			shellScript = "\"${SRCROOT}/Pods/Target Support Files/Pods-pokedex/Pods-pokedex-frameworks.sh\"\n";
			showEnvVarsInLog = 0;
		};
/* End PBXShellScriptBuildPhase section */

/* Begin PBXSourcesBuildPhase section */
		F9AB86F41D5860F700C9D988 /* Sources */ = {
			isa = PBXSourcesBuildPhase;
			buildActionMask = 2147483647;
			files = (
				F9AB87161D587DDF00C9D988 /* PokeCell.swift in Sources */,
				F9AB86FE1D5860F700C9D988 /* ViewController.swift in Sources */,
				F9AB86FC1D5860F700C9D988 /* AppDelegate.swift in Sources */,
				F93115881D594EC3002FF067 /* PokemonDetailVC.swift in Sources */,
				F9DBD9E61D59DF4700D5A1E2 /* Constants.swift in Sources */,
				F9AB87111D5878D700C9D988 /* Pokemon.swift in Sources */,
				F9AB87181D5883FA00C9D988 /* csv.swift in Sources */,
			);
			runOnlyForDeploymentPostprocessing = 0;
		};
/* End PBXSourcesBuildPhase section */

/* Begin PBXVariantGroup section */
		F9AB86FF1D5860F700C9D988 /* Main.storyboard */ = {
			isa = PBXVariantGroup;
			children = (
				F9AB87001D5860F700C9D988 /* Base */,
			);
			name = Main.storyboard;
			sourceTree = "<group>";
		};
		F9AB87041D5860F700C9D988 /* LaunchScreen.storyboard */ = {
			isa = PBXVariantGroup;
			children = (
				F9AB87051D5860F700C9D988 /* Base */,
			);
			name = LaunchScreen.storyboard;
			sourceTree = "<group>";
		};
/* End PBXVariantGroup section */

/* Begin XCBuildConfiguration section */
		F9AB87081D5860F700C9D988 /* Debug */ = {
			isa = XCBuildConfiguration;
			buildSettings = {
				ALWAYS_SEARCH_USER_PATHS = NO;
				CLANG_ANALYZER_NONNULL = YES;
				CLANG_CXX_LANGUAGE_STANDARD = "gnu++0x";
				CLANG_CXX_LIBRARY = "libc++";
				CLANG_ENABLE_MODULES = YES;
				CLANG_ENABLE_OBJC_ARC = YES;
				CLANG_WARN_BOOL_CONVERSION = YES;
				CLANG_WARN_CONSTANT_CONVERSION = YES;
				CLANG_WARN_DIRECT_OBJC_ISA_USAGE = YES_ERROR;
				CLANG_WARN_EMPTY_BODY = YES;
				CLANG_WARN_ENUM_CONVERSION = YES;
				CLANG_WARN_INT_CONVERSION = YES;
				CLANG_WARN_OBJC_ROOT_CLASS = YES_ERROR;
				CLANG_WARN_UNREACHABLE_CODE = YES;
				CLANG_WARN__DUPLICATE_METHOD_MATCH = YES;
				"CODE_SIGN_IDENTITY[sdk=iphoneos*]" = "iPhone Developer";
				COPY_PHASE_STRIP = NO;
				DEBUG_INFORMATION_FORMAT = dwarf;
				ENABLE_STRICT_OBJC_MSGSEND = YES;
				ENABLE_TESTABILITY = YES;
				GCC_C_LANGUAGE_STANDARD = gnu99;
				GCC_DYNAMIC_NO_PIC = NO;
				GCC_NO_COMMON_BLOCKS = YES;
				GCC_OPTIMIZATION_LEVEL = 0;
				GCC_PREPROCESSOR_DEFINITIONS = (
					"DEBUG=1",
					"$(inherited)",
				);
				GCC_WARN_64_TO_32_BIT_CONVERSION = YES;
				GCC_WARN_ABOUT_RETURN_TYPE = YES_ERROR;
				GCC_WARN_UNDECLARED_SELECTOR = YES;
				GCC_WARN_UNINITIALIZED_AUTOS = YES_AGGRESSIVE;
				GCC_WARN_UNUSED_FUNCTION = YES;
				GCC_WARN_UNUSED_VARIABLE = YES;
				IPHONEOS_DEPLOYMENT_TARGET = 9.0;
				MTL_ENABLE_DEBUG_INFO = YES;
				ONLY_ACTIVE_ARCH = YES;
				SDKROOT = iphoneos;
				SWIFT_OPTIMIZATION_LEVEL = "-Onone";
				TARGETED_DEVICE_FAMILY = "1,2";
			};
			name = Debug;
		};
		F9AB87091D5860F700C9D988 /* Release */ = {
			isa = XCBuildConfiguration;
			buildSettings = {
				ALWAYS_SEARCH_USER_PATHS = NO;
				CLANG_ANALYZER_NONNULL = YES;
				CLANG_CXX_LANGUAGE_STANDARD = "gnu++0x";
				CLANG_CXX_LIBRARY = "libc++";
				CLANG_ENABLE_MODULES = YES;
				CLANG_ENABLE_OBJC_ARC = YES;
				CLANG_WARN_BOOL_CONVERSION = YES;
				CLANG_WARN_CONSTANT_CONVERSION = YES;
				CLANG_WARN_DIRECT_OBJC_ISA_USAGE = YES_ERROR;
				CLANG_WARN_EMPTY_BODY = YES;
				CLANG_WARN_ENUM_CONVERSION = YES;
				CLANG_WARN_INT_CONVERSION = YES;
				CLANG_WARN_OBJC_ROOT_CLASS = YES_ERROR;
				CLANG_WARN_UNREACHABLE_CODE = YES;
				CLANG_WARN__DUPLICATE_METHOD_MATCH = YES;
				"CODE_SIGN_IDENTITY[sdk=iphoneos*]" = "iPhone Developer";
				COPY_PHASE_STRIP = NO;
				DEBUG_INFORMATION_FORMAT = "dwarf-with-dsym";
				ENABLE_NS_ASSERTIONS = NO;
				ENABLE_STRICT_OBJC_MSGSEND = YES;
				GCC_C_LANGUAGE_STANDARD = gnu99;
				GCC_NO_COMMON_BLOCKS = YES;
				GCC_WARN_64_TO_32_BIT_CONVERSION = YES;
				GCC_WARN_ABOUT_RETURN_TYPE = YES_ERROR;
				GCC_WARN_UNDECLARED_SELECTOR = YES;
				GCC_WARN_UNINITIALIZED_AUTOS = YES_AGGRESSIVE;
				GCC_WARN_UNUSED_FUNCTION = YES;
				GCC_WARN_UNUSED_VARIABLE = YES;
				IPHONEOS_DEPLOYMENT_TARGET = 9.0;
				MTL_ENABLE_DEBUG_INFO = NO;
				SDKROOT = iphoneos;
				TARGETED_DEVICE_FAMILY = "1,2";
				VALIDATE_PRODUCT = YES;
			};
			name = Release;
		};
		F9AB870B1D5860F700C9D988 /* Debug */ = {
			isa = XCBuildConfiguration;
			baseConfigurationReference = 901ADF8C2E579772B1667A16 /* Pods-pokedex.debug.xcconfig */;
			buildSettings = {
				ASSETCATALOG_COMPILER_APPICON_NAME = AppIcon;
				CODE_SIGN_IDENTITY = "iPhone Developer";
				INFOPLIST_FILE = pokedex/Info.plist;
				IPHONEOS_DEPLOYMENT_TARGET = 9.0;
				LD_RUNPATH_SEARCH_PATHS = "$(inherited) @executable_path/Frameworks";
				PRODUCT_BUNDLE_IDENTIFIER = com.markrassamni.pokedex;
				PRODUCT_NAME = "$(TARGET_NAME)";
				PROVISIONING_PROFILE = "2bd151ff-b2f5-467e-8bc1-555b14a6bbd5";
			};
			name = Debug;
		};
		F9AB870C1D5860F700C9D988 /* Release */ = {
			isa = XCBuildConfiguration;
			baseConfigurationReference = 7E58ABFE67665725514E5478 /* Pods-pokedex.release.xcconfig */;
			buildSettings = {
				ASSETCATALOG_COMPILER_APPICON_NAME = AppIcon;
				CODE_SIGN_IDENTITY = "iPhone Developer";
				"CODE_SIGN_IDENTITY[sdk=iphoneos*]" = "iPhone Developer";
				INFOPLIST_FILE = pokedex/Info.plist;
				IPHONEOS_DEPLOYMENT_TARGET = 9.0;
				LD_RUNPATH_SEARCH_PATHS = "$(inherited) @executable_path/Frameworks";
				PRODUCT_BUNDLE_IDENTIFIER = com.markrassamni.pokedex;
				PRODUCT_NAME = "$(TARGET_NAME)";
				PROVISIONING_PROFILE = "2bd151ff-b2f5-467e-8bc1-555b14a6bbd5";
			};
			name = Release;
		};
/* End XCBuildConfiguration section */

/* Begin XCConfigurationList section */
		F9AB86F31D5860F700C9D988 /* Build configuration list for PBXProject "pokedex" */ = {
			isa = XCConfigurationList;
			buildConfigurations = (
				F9AB87081D5860F700C9D988 /* Debug */,
				F9AB87091D5860F700C9D988 /* Release */,
			);
			defaultConfigurationIsVisible = 0;
			defaultConfigurationName = Release;
		};
		F9AB870A1D5860F700C9D988 /* Build configuration list for PBXNativeTarget "pokedex" */ = {
			isa = XCConfigurationList;
			buildConfigurations = (
				F9AB870B1D5860F700C9D988 /* Debug */,
				F9AB870C1D5860F700C9D988 /* Release */,
			);
			defaultConfigurationIsVisible = 0;
			defaultConfigurationName = Release;
		};
/* End XCConfigurationList section */
	};
	rootObject = F9AB86F01D5860F700C9D988 /* Project object */;
}
